
Microsoft Visual Studio Solution File, Format Version 12.00
# Visual Studio Version 16
VisualStudioVersion = 16.0.31624.102
MinimumVisualStudioVersion = 10.0.40219.1
Project("{FAE04EC0-301F-11D3-BF4B-00C04F79EFBC}") = "HelloWorld", "HelloWorld.csproj", "{88F9B4CC-02F2-42C2-AD07-BAF9EB6AAA51}"
EndProject
Global
	GlobalSection(SolutionConfigurationPlatforms) = preSolution
		Debug|Any CPU = Debug|Any CPU
		Release|Any CPU = Release|Any CPU
	EndGlobalSection
	GlobalSection(ProjectConfigurationPlatforms) = postSolution
		{88F9B4CC-02F2-42C2-AD07-BAF9EB6AAA51}.Debug|Any CPU.ActiveCfg = Debug|Any CPU
		{88F9B4CC-02F2-42C2-AD07-BAF9EB6AAA51}.Debug|Any CPU.Build.0 = Debug|Any CPU
		{88F9B4CC-02F2-42C2-AD07-BAF9EB6AAA51}.Release|Any CPU.ActiveCfg = Release|Any CPU
		{88F9B4CC-02F2-42C2-AD07-BAF9EB6AAA51}.Release|Any CPU.Build.0 = Release|Any CPU
	EndGlobalSection
	GlobalSection(SolutionProperties) = preSolution
		HideSolutionNode = FALSE
	EndGlobalSection
	GlobalSection(ExtensibilityGlobals) = postSolution
		SolutionGuid = {89BB3B83-AEA6-44DF-985A-CC0438ACC6A6}
	EndGlobalSection
EndGlobal
